// !$*UTF8*$!
{
	archiveVersion = 1;
	classes = {
	};
	objectVersion = 50;
	objects = {

/* Begin PBXBuildFile section */
		0372D41F7449E7137CA2D7E7 /* Pods_Demo.framework in Frameworks */ = {isa = PBXBuildFile; fileRef = D58947A7E28DDF6D97C3843F /* Pods_Demo.framework */; };
		1C19335C5D3578422F21F36D /* Pods_DemoTests.framework in Frameworks */ = {isa = PBXBuildFile; fileRef = A6B517342DF4F20E5BA41FCF /* Pods_DemoTests.framework */; };
		60C8334626C4B77300CE90A6 /* AppDelegate.swift in Sources */ = {isa = PBXBuildFile; fileRef = 60C8334526C4B77300CE90A6 /* AppDelegate.swift */; };
		60C8334826C4B77300CE90A6 /* SceneDelegate.swift in Sources */ = {isa = PBXBuildFile; fileRef = 60C8334726C4B77300CE90A6 /* SceneDelegate.swift */; };
		60C8334A26C4B77300CE90A6 /* ViewController.swift in Sources */ = {isa = PBXBuildFile; fileRef = 60C8334926C4B77300CE90A6 /* ViewController.swift */; };
		60C8334D26C4B77300CE90A6 /* Main.storyboard in Resources */ = {isa = PBXBuildFile; fileRef = 60C8334B26C4B77300CE90A6 /* Main.storyboard */; };
		60C8334F26C4B77500CE90A6 /* Assets.xcassets in Resources */ = {isa = PBXBuildFile; fileRef = 60C8334E26C4B77500CE90A6 /* Assets.xcassets */; };
		60C8335226C4B77500CE90A6 /* LaunchScreen.storyboard in Resources */ = {isa = PBXBuildFile; fileRef = 60C8335026C4B77500CE90A6 /* LaunchScreen.storyboard */; };
		60C8335D26C4B77600CE90A6 /* DemoTests.swift in Sources */ = {isa = PBXBuildFile; fileRef = 60C8335C26C4B77600CE90A6 /* DemoTests.swift */; };
		60C8336826C4B77600CE90A6 /* DemoUITests.swift in Sources */ = {isa = PBXBuildFile; fileRef = 60C8336726C4B77600CE90A6 /* DemoUITests.swift */; };
		ECF20A16A004673115C88EA9 /* Pods_Demo_DemoUITests.framework in Frameworks */ = {isa = PBXBuildFile; fileRef = A294B0457CB4583336579FD9 /* Pods_Demo_DemoUITests.framework */; };
/* End PBXBuildFile section */

/* Begin PBXContainerItemProxy section */
		60C8335926C4B77600CE90A6 /* PBXContainerItemProxy */ = {
			isa = PBXContainerItemProxy;
			containerPortal = 60C8333A26C4B77300CE90A6 /* Project object */;
			proxyType = 1;
			remoteGlobalIDString = 60C8334126C4B77300CE90A6;
			remoteInfo = Demo;
		};
		60C8336426C4B77600CE90A6 /* PBXContainerItemProxy */ = {
			isa = PBXContainerItemProxy;
			containerPortal = 60C8333A26C4B77300CE90A6 /* Project object */;
			proxyType = 1;
			remoteGlobalIDString = 60C8334126C4B77300CE90A6;
			remoteInfo = Demo;
		};
/* End PBXContainerItemProxy section */

/* Begin PBXFileReference section */
		156AEC07E8061601DBC4B519 /* Pods-Demo-DemoUITests.debug.xcconfig */ = {isa = PBXFileReference; includeInIndex = 1; lastKnownFileType = text.xcconfig; name = "Pods-Demo-DemoUITests.debug.xcconfig"; path = "Target Support Files/Pods-Demo-DemoUITests/Pods-Demo-DemoUITests.debug.xcconfig"; sourceTree = "<group>"; };
		23C8774AFF7FB018BF9E413D /* Pods-Demo-DemoUITests.release.xcconfig */ = {isa = PBXFileReference; includeInIndex = 1; lastKnownFileType = text.xcconfig; name = "Pods-Demo-DemoUITests.release.xcconfig"; path = "Target Support Files/Pods-Demo-DemoUITests/Pods-Demo-DemoUITests.release.xcconfig"; sourceTree = "<group>"; };
		60C8334226C4B77300CE90A6 /* Demo.app */ = {isa = PBXFileReference; explicitFileType = wrapper.application; includeInIndex = 0; path = Demo.app; sourceTree = BUILT_PRODUCTS_DIR; };
		60C8334526C4B77300CE90A6 /* AppDelegate.swift */ = {isa = PBXFileReference; lastKnownFileType = sourcecode.swift; path = AppDelegate.swift; sourceTree = "<group>"; };
		60C8334726C4B77300CE90A6 /* SceneDelegate.swift */ = {isa = PBXFileReference; lastKnownFileType = sourcecode.swift; path = SceneDelegate.swift; sourceTree = "<group>"; };
		60C8334926C4B77300CE90A6 /* ViewController.swift */ = {isa = PBXFileReference; lastKnownFileType = sourcecode.swift; path = ViewController.swift; sourceTree = "<group>"; };
		60C8334C26C4B77300CE90A6 /* Base */ = {isa = PBXFileReference; lastKnownFileType = file.storyboard; name = Base; path = Base.lproj/Main.storyboard; sourceTree = "<group>"; };
		60C8334E26C4B77500CE90A6 /* Assets.xcassets */ = {isa = PBXFileReference; lastKnownFileType = folder.assetcatalog; path = Assets.xcassets; sourceTree = "<group>"; };
		60C8335126C4B77500CE90A6 /* Base */ = {isa = PBXFileReference; lastKnownFileType = file.storyboard; name = Base; path = Base.lproj/LaunchScreen.storyboard; sourceTree = "<group>"; };
		60C8335326C4B77500CE90A6 /* Info.plist */ = {isa = PBXFileReference; lastKnownFileType = text.plist.xml; path = Info.plist; sourceTree = "<group>"; };
		60C8335826C4B77600CE90A6 /* DemoTests.xctest */ = {isa = PBXFileReference; explicitFileType = wrapper.cfbundle; includeInIndex = 0; path = DemoTests.xctest; sourceTree = BUILT_PRODUCTS_DIR; };
		60C8335C26C4B77600CE90A6 /* DemoTests.swift */ = {isa = PBXFileReference; lastKnownFileType = sourcecode.swift; path = DemoTests.swift; sourceTree = "<group>"; };
		60C8335E26C4B77600CE90A6 /* Info.plist */ = {isa = PBXFileReference; lastKnownFileType = text.plist.xml; path = Info.plist; sourceTree = "<group>"; };
		60C8336326C4B77600CE90A6 /* DemoUITests.xctest */ = {isa = PBXFileReference; explicitFileType = wrapper.cfbundle; includeInIndex = 0; path = DemoUITests.xctest; sourceTree = BUILT_PRODUCTS_DIR; };
		60C8336726C4B77600CE90A6 /* DemoUITests.swift */ = {isa = PBXFileReference; lastKnownFileType = sourcecode.swift; path = DemoUITests.swift; sourceTree = "<group>"; };
		60C8336926C4B77600CE90A6 /* Info.plist */ = {isa = PBXFileReference; lastKnownFileType = text.plist.xml; path = Info.plist; sourceTree = "<group>"; };
		81FE4AA071F34FF66D472B48 /* Pods-Demo.release.xcconfig */ = {isa = PBXFileReference; includeInIndex = 1; lastKnownFileType = text.xcconfig; name = "Pods-Demo.release.xcconfig"; path = "Target Support Files/Pods-Demo/Pods-Demo.release.xcconfig"; sourceTree = "<group>"; };
		A294B0457CB4583336579FD9 /* Pods_Demo_DemoUITests.framework */ = {isa = PBXFileReference; explicitFileType = wrapper.framework; includeInIndex = 0; path = Pods_Demo_DemoUITests.framework; sourceTree = BUILT_PRODUCTS_DIR; };
		A6B517342DF4F20E5BA41FCF /* Pods_DemoTests.framework */ = {isa = PBXFileReference; explicitFileType = wrapper.framework; includeInIndex = 0; path = Pods_DemoTests.framework; sourceTree = BUILT_PRODUCTS_DIR; };
		ACEEC8B34867337348B6B06D /* Pods-Demo.debug.xcconfig */ = {isa = PBXFileReference; includeInIndex = 1; lastKnownFileType = text.xcconfig; name = "Pods-Demo.debug.xcconfig"; path = "Target Support Files/Pods-Demo/Pods-Demo.debug.xcconfig"; sourceTree = "<group>"; };
		B848F4A2DCD4E14DCB6D7F66 /* Pods-DemoTests.debug.xcconfig */ = {isa = PBXFileReference; includeInIndex = 1; lastKnownFileType = text.xcconfig; name = "Pods-DemoTests.debug.xcconfig"; path = "Target Support Files/Pods-DemoTests/Pods-DemoTests.debug.xcconfig"; sourceTree = "<group>"; };
		D58947A7E28DDF6D97C3843F /* Pods_Demo.framework */ = {isa = PBXFileReference; explicitFileType = wrapper.framework; includeInIndex = 0; path = Pods_Demo.framework; sourceTree = BUILT_PRODUCTS_DIR; };
		E5A8BC402C09BAC1AEFB0175 /* Pods-DemoTests.release.xcconfig */ = {isa = PBXFileReference; includeInIndex = 1; lastKnownFileType = text.xcconfig; name = "Pods-DemoTests.release.xcconfig"; path = "Target Support Files/Pods-DemoTests/Pods-DemoTests.release.xcconfig"; sourceTree = "<group>"; };
/* End PBXFileReference section */

/* Begin PBXFrameworksBuildPhase section */
		60C8333F26C4B77300CE90A6 /* Frameworks */ = {
			isa = PBXFrameworksBuildPhase;
			buildActionMask = 2147483647;
			files = (
				0372D41F7449E7137CA2D7E7 /* Pods_Demo.framework in Frameworks */,
			);
			runOnlyForDeploymentPostprocessing = 0;
		};
		60C8335526C4B77600CE90A6 /* Frameworks */ = {
			isa = PBXFrameworksBuildPhase;
			buildActionMask = 2147483647;
			files = (
				1C19335C5D3578422F21F36D /* Pods_DemoTests.framework in Frameworks */,
			);
			runOnlyForDeploymentPostprocessing = 0;
		};
		60C8336026C4B77600CE90A6 /* Frameworks */ = {
			isa = PBXFrameworksBuildPhase;
			buildActionMask = 2147483647;
			files = (
				ECF20A16A004673115C88EA9 /* Pods_Demo_DemoUITests.framework in Frameworks */,
			);
			runOnlyForDeploymentPostprocessing = 0;
		};
/* End PBXFrameworksBuildPhase section */

/* Begin PBXGroup section */
		54E0BB471884EE7F60340815 /* Pods */ = {
			isa = PBXGroup;
			children = (
				ACEEC8B34867337348B6B06D /* Pods-Demo.debug.xcconfig */,
				81FE4AA071F34FF66D472B48 /* Pods-Demo.release.xcconfig */,
				156AEC07E8061601DBC4B519 /* Pods-Demo-DemoUITests.debug.xcconfig */,
				23C8774AFF7FB018BF9E413D /* Pods-Demo-DemoUITests.release.xcconfig */,
				B848F4A2DCD4E14DCB6D7F66 /* Pods-DemoTests.debug.xcconfig */,
				E5A8BC402C09BAC1AEFB0175 /* Pods-DemoTests.release.xcconfig */,
			);
			path = Pods;
			sourceTree = "<group>";
		};
		60C8333926C4B77300CE90A6 = {
			isa = PBXGroup;
			children = (
				60C8334426C4B77300CE90A6 /* Demo */,
				60C8335B26C4B77600CE90A6 /* DemoTests */,
				60C8336626C4B77600CE90A6 /* DemoUITests */,
				60C8334326C4B77300CE90A6 /* Products */,
				54E0BB471884EE7F60340815 /* Pods */,
				EC85284EA314B7F59421AF7A /* Frameworks */,
			);
			sourceTree = "<group>";
		};
		60C8334326C4B77300CE90A6 /* Products */ = {
			isa = PBXGroup;
			children = (
				60C8334226C4B77300CE90A6 /* Demo.app */,
				60C8335826C4B77600CE90A6 /* DemoTests.xctest */,
				60C8336326C4B77600CE90A6 /* DemoUITests.xctest */,
			);
			name = Products;
			sourceTree = "<group>";
		};
		60C8334426C4B77300CE90A6 /* Demo */ = {
			isa = PBXGroup;
			children = (
				60C8334526C4B77300CE90A6 /* AppDelegate.swift */,
				60C8334726C4B77300CE90A6 /* SceneDelegate.swift */,
				60C8334926C4B77300CE90A6 /* ViewController.swift */,
				60C8334B26C4B77300CE90A6 /* Main.storyboard */,
				60C8334E26C4B77500CE90A6 /* Assets.xcassets */,
				60C8335026C4B77500CE90A6 /* LaunchScreen.storyboard */,
				60C8335326C4B77500CE90A6 /* Info.plist */,
			);
			path = Demo;
			sourceTree = "<group>";
		};
		60C8335B26C4B77600CE90A6 /* DemoTests */ = {
			isa = PBXGroup;
			children = (
				60C8335C26C4B77600CE90A6 /* DemoTests.swift */,
				60C8335E26C4B77600CE90A6 /* Info.plist */,
			);
			path = DemoTests;
			sourceTree = "<group>";
		};
		60C8336626C4B77600CE90A6 /* DemoUITests */ = {
			isa = PBXGroup;
			children = (
				60C8336726C4B77600CE90A6 /* DemoUITests.swift */,
				60C8336926C4B77600CE90A6 /* Info.plist */,
			);
			path = DemoUITests;
			sourceTree = "<group>";
		};
		EC85284EA314B7F59421AF7A /* Frameworks */ = {
			isa = PBXGroup;
			children = (
				D58947A7E28DDF6D97C3843F /* Pods_Demo.framework */,
				A294B0457CB4583336579FD9 /* Pods_Demo_DemoUITests.framework */,
				A6B517342DF4F20E5BA41FCF /* Pods_DemoTests.framework */,
			);
			name = Frameworks;
			sourceTree = "<group>";
		};
/* End PBXGroup section */

/* Begin PBXNativeTarget section */
		60C8334126C4B77300CE90A6 /* Demo */ = {
			isa = PBXNativeTarget;
			buildConfigurationList = 60C8336C26C4B77600CE90A6 /* Build configuration list for PBXNativeTarget "Demo" */;
			buildPhases = (
				DB377B23F8037D937B46BC4A /* [CP] Check Pods Manifest.lock */,
				60C8333E26C4B77300CE90A6 /* Sources */,
				60C8337526C4BBF200CE90A6 /* lint file */,
				60C8333F26C4B77300CE90A6 /* Frameworks */,
				60C8334026C4B77300CE90A6 /* Resources */,
			);
			buildRules = (
			);
			dependencies = (
			);
			name = Demo;
			productName = Demo;
			productReference = 60C8334226C4B77300CE90A6 /* Demo.app */;
			productType = "com.apple.product-type.application";
		};
		60C8335726C4B77600CE90A6 /* DemoTests */ = {
			isa = PBXNativeTarget;
			buildConfigurationList = 60C8336F26C4B77600CE90A6 /* Build configuration list for PBXNativeTarget "DemoTests" */;
			buildPhases = (
				9674AF51D6ACF1CA475C9398 /* [CP] Check Pods Manifest.lock */,
				60C8335426C4B77600CE90A6 /* Sources */,
				60C8335526C4B77600CE90A6 /* Frameworks */,
				60C8335626C4B77600CE90A6 /* Resources */,
			);
			buildRules = (
			);
			dependencies = (
				60C8335A26C4B77600CE90A6 /* PBXTargetDependency */,
			);
			name = DemoTests;
			productName = DemoTests;
			productReference = 60C8335826C4B77600CE90A6 /* DemoTests.xctest */;
			productType = "com.apple.product-type.bundle.unit-test";
		};
		60C8336226C4B77600CE90A6 /* DemoUITests */ = {
			isa = PBXNativeTarget;
			buildConfigurationList = 60C8337226C4B77600CE90A6 /* Build configuration list for PBXNativeTarget "DemoUITests" */;
			buildPhases = (
				884E70C982962297695AA396 /* [CP] Check Pods Manifest.lock */,
				60C8335F26C4B77600CE90A6 /* Sources */,
				60C8336026C4B77600CE90A6 /* Frameworks */,
				60C8336126C4B77600CE90A6 /* Resources */,
			);
			buildRules = (
			);
			dependencies = (
				60C8336526C4B77600CE90A6 /* PBXTargetDependency */,
			);
			name = DemoUITests;
			productName = DemoUITests;
			productReference = 60C8336326C4B77600CE90A6 /* DemoUITests.xctest */;
			productType = "com.apple.product-type.bundle.ui-testing";
		};
/* End PBXNativeTarget section */

/* Begin PBXProject section */
		60C8333A26C4B77300CE90A6 /* Project object */ = {
			isa = PBXProject;
			attributes = {
				LastSwiftUpdateCheck = 1250;
				LastUpgradeCheck = 1250;
				TargetAttributes = {
					60C8334126C4B77300CE90A6 = {
						CreatedOnToolsVersion = 12.5.1;
					};
					60C8335726C4B77600CE90A6 = {
						CreatedOnToolsVersion = 12.5.1;
						TestTargetID = 60C8334126C4B77300CE90A6;
					};
					60C8336226C4B77600CE90A6 = {
						CreatedOnToolsVersion = 12.5.1;
						TestTargetID = 60C8334126C4B77300CE90A6;
					};
				};
			};
			buildConfigurationList = 60C8333D26C4B77300CE90A6 /* Build configuration list for PBXProject "Demo" */;
			compatibilityVersion = "Xcode 9.3";
			developmentRegion = en;
			hasScannedForEncodings = 0;
			knownRegions = (
				en,
				Base,
			);
			mainGroup = 60C8333926C4B77300CE90A6;
			productRefGroup = 60C8334326C4B77300CE90A6 /* Products */;
			projectDirPath = "";
			projectRoot = "";
			targets = (
				60C8334126C4B77300CE90A6 /* Demo */,
				60C8335726C4B77600CE90A6 /* DemoTests */,
				60C8336226C4B77600CE90A6 /* DemoUITests */,
			);
		};
/* End PBXProject section */

/* Begin PBXResourcesBuildPhase section */
		60C8334026C4B77300CE90A6 /* Resources */ = {
			isa = PBXResourcesBuildPhase;
			buildActionMask = 2147483647;
			files = (
				60C8335226C4B77500CE90A6 /* LaunchScreen.storyboard in Resources */,
				60C8334F26C4B77500CE90A6 /* Assets.xcassets in Resources */,
				60C8334D26C4B77300CE90A6 /* Main.storyboard in Resources */,
			);
			runOnlyForDeploymentPostprocessing = 0;
		};
		60C8335626C4B77600CE90A6 /* Resources */ = {
			isa = PBXResourcesBuildPhase;
			buildActionMask = 2147483647;
			files = (
			);
			runOnlyForDeploymentPostprocessing = 0;
		};
		60C8336126C4B77600CE90A6 /* Resources */ = {
			isa = PBXResourcesBuildPhase;
			buildActionMask = 2147483647;
			files = (
			);
			runOnlyForDeploymentPostprocessing = 0;
		};
/* End PBXResourcesBuildPhase section */

/* Begin PBXShellScriptBuildPhase section */
		60C8337526C4BBF200CE90A6 /* lint file */ = {
			isa = PBXShellScriptBuildPhase;
			buildActionMask = 2147483647;
			files = (
			);
			inputFileListPaths = (
			);
			inputPaths = (
			);
			name = "lint file";
			outputFileListPaths = (
			);
			outputPaths = (
			);
			runOnlyForDeploymentPostprocessing = 0;
			shellPath = /bin/sh;
			shellScript = "${PODS_ROOT}/SwiftLint/swiftlint --autocorrect && \\\n${PODS_ROOT}/SwiftFormat/CommandLineTool/swiftformat . \n";
		};
		884E70C982962297695AA396 /* [CP] Check Pods Manifest.lock */ = {
			isa = PBXShellScriptBuildPhase;
			buildActionMask = 2147483647;
			files = (
			);
			inputFileListPaths = (
			);
			inputPaths = (
				"${PODS_PODFILE_DIR_PATH}/Podfile.lock",
				"${PODS_ROOT}/Manifest.lock",
			);
			name = "[CP] Check Pods Manifest.lock";
			outputFileListPaths = (
			);
			outputPaths = (
				"$(DERIVED_FILE_DIR)/Pods-Demo-DemoUITests-checkManifestLockResult.txt",
			);
			runOnlyForDeploymentPostprocessing = 0;
			shellPath = /bin/sh;
			shellScript = "diff \"${PODS_PODFILE_DIR_PATH}/Podfile.lock\" \"${PODS_ROOT}/Manifest.lock\" > /dev/null\nif [ $? != 0 ] ; then\n    # print error to STDERR\n    echo \"error: The sandbox is not in sync with the Podfile.lock. Run 'pod install' or update your CocoaPods installation.\" >&2\n    exit 1\nfi\n# This output is used by Xcode 'outputs' to avoid re-running this script phase.\necho \"SUCCESS\" > \"${SCRIPT_OUTPUT_FILE_0}\"\n";
			showEnvVarsInLog = 0;
		};
		9674AF51D6ACF1CA475C9398 /* [CP] Check Pods Manifest.lock */ = {
			isa = PBXShellScriptBuildPhase;
			buildActionMask = 2147483647;
			files = (
			);
			inputFileListPaths = (
			);
			inputPaths = (
				"${PODS_PODFILE_DIR_PATH}/Podfile.lock",
				"${PODS_ROOT}/Manifest.lock",
			);
			name = "[CP] Check Pods Manifest.lock";
			outputFileListPaths = (
			);
			outputPaths = (
				"$(DERIVED_FILE_DIR)/Pods-DemoTests-checkManifestLockResult.txt",
			);
			runOnlyForDeploymentPostprocessing = 0;
			shellPath = /bin/sh;
			shellScript = "diff \"${PODS_PODFILE_DIR_PATH}/Podfile.lock\" \"${PODS_ROOT}/Manifest.lock\" > /dev/null\nif [ $? != 0 ] ; then\n    # print error to STDERR\n    echo \"error: The sandbox is not in sync with the Podfile.lock. Run 'pod install' or update your CocoaPods installation.\" >&2\n    exit 1\nfi\n# This output is used by Xcode 'outputs' to avoid re-running this script phase.\necho \"SUCCESS\" > \"${SCRIPT_OUTPUT_FILE_0}\"\n";
			showEnvVarsInLog = 0;
		};
		DB377B23F8037D937B46BC4A /* [CP] Check Pods Manifest.lock */ = {
			isa = PBXShellScriptBuildPhase;
			buildActionMask = 2147483647;
			files = (
			);
			inputFileListPaths = (
			);
			inputPaths = (
				"${PODS_PODFILE_DIR_PATH}/Podfile.lock",
				"${PODS_ROOT}/Manifest.lock",
			);
			name = "[CP] Check Pods Manifest.lock";
			outputFileListPaths = (
			);
			outputPaths = (
				"$(DERIVED_FILE_DIR)/Pods-Demo-checkManifestLockResult.txt",
			);
			runOnlyForDeploymentPostprocessing = 0;
			shellPath = /bin/sh;
			shellScript = "diff \"${PODS_PODFILE_DIR_PATH}/Podfile.lock\" \"${PODS_ROOT}/Manifest.lock\" > /dev/null\nif [ $? != 0 ] ; then\n    # print error to STDERR\n    echo \"error: The sandbox is not in sync with the Podfile.lock. Run 'pod install' or update your CocoaPods installation.\" >&2\n    exit 1\nfi\n# This output is used by Xcode 'outputs' to avoid re-running this script phase.\necho \"SUCCESS\" > \"${SCRIPT_OUTPUT_FILE_0}\"\n";
			showEnvVarsInLog = 0;
		};
/* End PBXShellScriptBuildPhase section */

/* Begin PBXSourcesBuildPhase section */
		60C8333E26C4B77300CE90A6 /* Sources */ = {
			isa = PBXSourcesBuildPhase;
			buildActionMask = 2147483647;
			files = (
				60C8334A26C4B77300CE90A6 /* ViewController.swift in Sources */,
				60C8334626C4B77300CE90A6 /* AppDelegate.swift in Sources */,
				60C8334826C4B77300CE90A6 /* SceneDelegate.swift in Sources */,
			);
			runOnlyForDeploymentPostprocessing = 0;
		};
		60C8335426C4B77600CE90A6 /* Sources */ = {
			isa = PBXSourcesBuildPhase;
			buildActionMask = 2147483647;
			files = (
				60C8335D26C4B77600CE90A6 /* DemoTests.swift in Sources */,
			);
			runOnlyForDeploymentPostprocessing = 0;
		};
		60C8335F26C4B77600CE90A6 /* Sources */ = {
			isa = PBXSourcesBuildPhase;
			buildActionMask = 2147483647;
			files = (
				60C8336826C4B77600CE90A6 /* DemoUITests.swift in Sources */,
			);
			runOnlyForDeploymentPostprocessing = 0;
		};
/* End PBXSourcesBuildPhase section */

/* Begin PBXTargetDependency section */
		60C8335A26C4B77600CE90A6 /* PBXTargetDependency */ = {
			isa = PBXTargetDependency;
			target = 60C8334126C4B77300CE90A6 /* Demo */;
			targetProxy = 60C8335926C4B77600CE90A6 /* PBXContainerItemProxy */;
		};
		60C8336526C4B77600CE90A6 /* PBXTargetDependency */ = {
			isa = PBXTargetDependency;
			target = 60C8334126C4B77300CE90A6 /* Demo */;
			targetProxy = 60C8336426C4B77600CE90A6 /* PBXContainerItemProxy */;
		};
/* End PBXTargetDependency section */

/* Begin PBXVariantGroup section */
		60C8334B26C4B77300CE90A6 /* Main.storyboard */ = {
			isa = PBXVariantGroup;
			children = (
				60C8334C26C4B77300CE90A6 /* Base */,
			);
			name = Main.storyboard;
			sourceTree = "<group>";
		};
		60C8335026C4B77500CE90A6 /* LaunchScreen.storyboard */ = {
			isa = PBXVariantGroup;
			children = (
				60C8335126C4B77500CE90A6 /* Base */,
			);
			name = LaunchScreen.storyboard;
			sourceTree = "<group>";
		};
/* End PBXVariantGroup section */

/* Begin XCBuildConfiguration section */
		60C8336A26C4B77600CE90A6 /* Debug */ = {
			isa = XCBuildConfiguration;
			buildSettings = {
				ALWAYS_SEARCH_USER_PATHS = NO;
				CLANG_ANALYZER_NONNULL = YES;
				CLANG_ANALYZER_NUMBER_OBJECT_CONVERSION = YES_AGGRESSIVE;
				CLANG_CXX_LANGUAGE_STANDARD = "gnu++14";
				CLANG_CXX_LIBRARY = "libc++";
				CLANG_ENABLE_MODULES = YES;
				CLANG_ENABLE_OBJC_ARC = YES;
				CLANG_ENABLE_OBJC_WEAK = YES;
				CLANG_WARN_BLOCK_CAPTURE_AUTORELEASING = YES;
				CLANG_WARN_BOOL_CONVERSION = YES;
				CLANG_WARN_COMMA = YES;
				CLANG_WARN_CONSTANT_CONVERSION = YES;
				CLANG_WARN_DEPRECATED_OBJC_IMPLEMENTATIONS = YES;
				CLANG_WARN_DIRECT_OBJC_ISA_USAGE = YES_ERROR;
				CLANG_WARN_DOCUMENTATION_COMMENTS = YES;
				CLANG_WARN_EMPTY_BODY = YES;
				CLANG_WARN_ENUM_CONVERSION = YES;
				CLANG_WARN_INFINITE_RECURSION = YES;
				CLANG_WARN_INT_CONVERSION = YES;
				CLANG_WARN_NON_LITERAL_NULL_CONVERSION = YES;
				CLANG_WARN_OBJC_IMPLICIT_RETAIN_SELF = YES;
				CLANG_WARN_OBJC_LITERAL_CONVERSION = YES;
				CLANG_WARN_OBJC_ROOT_CLASS = YES_ERROR;
				CLANG_WARN_QUOTED_INCLUDE_IN_FRAMEWORK_HEADER = YES;
				CLANG_WARN_RANGE_LOOP_ANALYSIS = YES;
				CLANG_WARN_STRICT_PROTOTYPES = YES;
				CLANG_WARN_SUSPICIOUS_MOVE = YES;
				CLANG_WARN_UNGUARDED_AVAILABILITY = YES_AGGRESSIVE;
				CLANG_WARN_UNREACHABLE_CODE = YES;
				CLANG_WARN__DUPLICATE_METHOD_MATCH = YES;
				COPY_PHASE_STRIP = NO;
				DEBUG_INFORMATION_FORMAT = dwarf;
				ENABLE_STRICT_OBJC_MSGSEND = YES;
				ENABLE_TESTABILITY = YES;
				GCC_C_LANGUAGE_STANDARD = gnu11;
				GCC_DYNAMIC_NO_PIC = NO;
				GCC_NO_COMMON_BLOCKS = YES;
				GCC_OPTIMIZATION_LEVEL = 0;
				GCC_PREPROCESSOR_DEFINITIONS = (
					"DEBUG=1",
					"$(inherited)",
				);
				GCC_WARN_64_TO_32_BIT_CONVERSION = YES;
				GCC_WARN_ABOUT_RETURN_TYPE = YES_ERROR;
				GCC_WARN_UNDECLARED_SELECTOR = YES;
				GCC_WARN_UNINITIALIZED_AUTOS = YES_AGGRESSIVE;
				GCC_WARN_UNUSED_FUNCTION = YES;
				GCC_WARN_UNUSED_VARIABLE = YES;
				IPHONEOS_DEPLOYMENT_TARGET = 14.5;
				MTL_ENABLE_DEBUG_INFO = INCLUDE_SOURCE;
				MTL_FAST_MATH = YES;
				ONLY_ACTIVE_ARCH = YES;
				SDKROOT = iphoneos;
				SWIFT_ACTIVE_COMPILATION_CONDITIONS = DEBUG;
				SWIFT_OPTIMIZATION_LEVEL = "-Onone";
			};
			name = Debug;
		};
		60C8336B26C4B77600CE90A6 /* Release */ = {
			isa = XCBuildConfiguration;
			buildSettings = {
				ALWAYS_SEARCH_USER_PATHS = NO;
				CLANG_ANALYZER_NONNULL = YES;
				CLANG_ANALYZER_NUMBER_OBJECT_CONVERSION = YES_AGGRESSIVE;
				CLANG_CXX_LANGUAGE_STANDARD = "gnu++14";
				CLANG_CXX_LIBRARY = "libc++";
				CLANG_ENABLE_MODULES = YES;
				CLANG_ENABLE_OBJC_ARC = YES;
				CLANG_ENABLE_OBJC_WEAK = YES;
				CLANG_WARN_BLOCK_CAPTURE_AUTORELEASING = YES;
				CLANG_WARN_BOOL_CONVERSION = YES;
				CLANG_WARN_COMMA = YES;
				CLANG_WARN_CONSTANT_CONVERSION = YES;
				CLANG_WARN_DEPRECATED_OBJC_IMPLEMENTATIONS = YES;
				CLANG_WARN_DIRECT_OBJC_ISA_USAGE = YES_ERROR;
				CLANG_WARN_DOCUMENTATION_COMMENTS = YES;
				CLANG_WARN_EMPTY_BODY = YES;
				CLANG_WARN_ENUM_CONVERSION = YES;
				CLANG_WARN_INFINITE_RECURSION = YES;
				CLANG_WARN_INT_CONVERSION = YES;
				CLANG_WARN_NON_LITERAL_NULL_CONVERSION = YES;
				CLANG_WARN_OBJC_IMPLICIT_RETAIN_SELF = YES;
				CLANG_WARN_OBJC_LITERAL_CONVERSION = YES;
				CLANG_WARN_OBJC_ROOT_CLASS = YES_ERROR;
				CLANG_WARN_QUOTED_INCLUDE_IN_FRAMEWORK_HEADER = YES;
				CLANG_WARN_RANGE_LOOP_ANALYSIS = YES;
				CLANG_WARN_STRICT_PROTOTYPES = YES;
				CLANG_WARN_SUSPICIOUS_MOVE = YES;
				CLANG_WARN_UNGUARDED_AVAILABILITY = YES_AGGRESSIVE;
				CLANG_WARN_UNREACHABLE_CODE = YES;
				CLANG_WARN__DUPLICATE_METHOD_MATCH = YES;
				COPY_PHASE_STRIP = NO;
				DEBUG_INFORMATION_FORMAT = "dwarf-with-dsym";
				ENABLE_NS_ASSERTIONS = NO;
				ENABLE_STRICT_OBJC_MSGSEND = YES;
				GCC_C_LANGUAGE_STANDARD = gnu11;
				GCC_NO_COMMON_BLOCKS = YES;
				GCC_WARN_64_TO_32_BIT_CONVERSION = YES;
				GCC_WARN_ABOUT_RETURN_TYPE = YES_ERROR;
				GCC_WARN_UNDECLARED_SELECTOR = YES;
				GCC_WARN_UNINITIALIZED_AUTOS = YES_AGGRESSIVE;
				GCC_WARN_UNUSED_FUNCTION = YES;
				GCC_WARN_UNUSED_VARIABLE = YES;
				IPHONEOS_DEPLOYMENT_TARGET = 14.5;
				MTL_ENABLE_DEBUG_INFO = NO;
				MTL_FAST_MATH = YES;
				SDKROOT = iphoneos;
				SWIFT_COMPILATION_MODE = wholemodule;
				SWIFT_OPTIMIZATION_LEVEL = "-O";
				VALIDATE_PRODUCT = YES;
			};
			name = Release;
		};
		60C8336D26C4B77600CE90A6 /* Debug */ = {
			isa = XCBuildConfiguration;
			baseConfigurationReference = ACEEC8B34867337348B6B06D /* Pods-Demo.debug.xcconfig */;
			buildSettings = {
				ASSETCATALOG_COMPILER_APPICON_NAME = AppIcon;
				ASSETCATALOG_COMPILER_GLOBAL_ACCENT_COLOR_NAME = AccentColor;
				CODE_SIGN_STYLE = Automatic;
				INFOPLIST_FILE = Demo/Info.plist;
				LD_RUNPATH_SEARCH_PATHS = (
					"$(inherited)",
					"@executable_path/Frameworks",
				);
				PRODUCT_BUNDLE_IDENTIFIER = com.tiger.suzhou.test.Demo;
				PRODUCT_NAME = "$(TARGET_NAME)";
				SWIFT_VERSION = 5.0;
				TARGETED_DEVICE_FAMILY = "1,2";
			};
			name = Debug;
		};
		60C8336E26C4B77600CE90A6 /* Release */ = {
			isa = XCBuildConfiguration;
			baseConfigurationReference = 81FE4AA071F34FF66D472B48 /* Pods-Demo.release.xcconfig */;
			buildSettings = {
				ASSETCATALOG_COMPILER_APPICON_NAME = AppIcon;
				ASSETCATALOG_COMPILER_GLOBAL_ACCENT_COLOR_NAME = AccentColor;
				CODE_SIGN_STYLE = Automatic;
				INFOPLIST_FILE = Demo/Info.plist;
				LD_RUNPATH_SEARCH_PATHS = (
					"$(inherited)",
					"@executable_path/Frameworks",
				);
				PRODUCT_BUNDLE_IDENTIFIER = com.tiger.suzhou.test.Demo;
				PRODUCT_NAME = "$(TARGET_NAME)";
				SWIFT_VERSION = 5.0;
				TARGETED_DEVICE_FAMILY = "1,2";
			};
			name = Release;
		};
		60C8337026C4B77600CE90A6 /* Debug */ = {
			isa = XCBuildConfiguration;
			baseConfigurationReference = B848F4A2DCD4E14DCB6D7F66 /* Pods-DemoTests.debug.xcconfig */;
			buildSettings = {
				ALWAYS_EMBED_SWIFT_STANDARD_LIBRARIES = YES;
				BUNDLE_LOADER = "$(TEST_HOST)";
				CODE_SIGN_STYLE = Automatic;
				INFOPLIST_FILE = DemoTests/Info.plist;
				IPHONEOS_DEPLOYMENT_TARGET = 14.5;
				LD_RUNPATH_SEARCH_PATHS = (
					"$(inherited)",
					"@executable_path/Frameworks",
					"@loader_path/Frameworks",
				);
				PRODUCT_BUNDLE_IDENTIFIER = com.tiger.suzhou.test.DemoTests;
				PRODUCT_NAME = "$(TARGET_NAME)";
				SWIFT_VERSION = 5.0;
				TARGETED_DEVICE_FAMILY = "1,2";
				TEST_HOST = "$(BUILT_PRODUCTS_DIR)/Demo.app/Demo";
			};
			name = Debug;
		};
		60C8337126C4B77600CE90A6 /* Release */ = {
			isa = XCBuildConfiguration;
			baseConfigurationReference = E5A8BC402C09BAC1AEFB0175 /* Pods-DemoTests.release.xcconfig */;
			buildSettings = {
				ALWAYS_EMBED_SWIFT_STANDARD_LIBRARIES = YES;
				BUNDLE_LOADER = "$(TEST_HOST)";
				CODE_SIGN_STYLE = Automatic;
				INFOPLIST_FILE = DemoTests/Info.plist;
				IPHONEOS_DEPLOYMENT_TARGET = 14.5;
				LD_RUNPATH_SEARCH_PATHS = (
					"$(inherited)",
					"@executable_path/Frameworks",
					"@loader_path/Frameworks",
				);
				PRODUCT_BUNDLE_IDENTIFIER = com.tiger.suzhou.test.DemoTests;
				PRODUCT_NAME = "$(TARGET_NAME)";
				SWIFT_VERSION = 5.0;
				TARGETED_DEVICE_FAMILY = "1,2";
				TEST_HOST = "$(BUILT_PRODUCTS_DIR)/Demo.app/Demo";
			};
			name = Release;
		};
		60C8337326C4B77600CE90A6 /* Debug */ = {
			isa = XCBuildConfiguration;
			baseConfigurationReference = 156AEC07E8061601DBC4B519 /* Pods-Demo-DemoUITests.debug.xcconfig */;
			buildSettings = {
				ALWAYS_EMBED_SWIFT_STANDARD_LIBRARIES = YES;
				CODE_SIGN_STYLE = Automatic;
				INFOPLIST_FILE = DemoUITests/Info.plist;
				LD_RUNPATH_SEARCH_PATHS = (
					"$(inherited)",
					"@executable_path/Frameworks",
					"@loader_path/Frameworks",
				);
				PRODUCT_BUNDLE_IDENTIFIER = com.tiger.suzhou.test.DemoUITests;
				PRODUCT_NAME = "$(TARGET_NAME)";
				SWIFT_VERSION = 5.0;
				TARGETED_DEVICE_FAMILY = "1,2";
				TEST_TARGET_NAME = Demo;
			};
			name = Debug;
		};
		60C8337426C4B77600CE90A6 /* Release */ = {
			isa = XCBuildConfiguration;
			baseConfigurationReference = 23C8774AFF7FB018BF9E413D /* Pods-Demo-DemoUITests.release.xcconfig */;
			buildSettings = {
				ALWAYS_EMBED_SWIFT_STANDARD_LIBRARIES = YES;
				CODE_SIGN_STYLE = Automatic;
				INFOPLIST_FILE = DemoUITests/Info.plist;
				LD_RUNPATH_SEARCH_PATHS = (
					"$(inherited)",
					"@executable_path/Frameworks",
					"@loader_path/Frameworks",
				);
				PRODUCT_BUNDLE_IDENTIFIER = com.tiger.suzhou.test.DemoUITests;
				PRODUCT_NAME = "$(TARGET_NAME)";
				SWIFT_VERSION = 5.0;
				TARGETED_DEVICE_FAMILY = "1,2";
				TEST_TARGET_NAME = Demo;
			};
			name = Release;
		};
/* End XCBuildConfiguration section */

/* Begin XCConfigurationList section */
		60C8333D26C4B77300CE90A6 /* Build configuration list for PBXProject "Demo" */ = {
			isa = XCConfigurationList;
			buildConfigurations = (
				60C8336A26C4B77600CE90A6 /* Debug */,
				60C8336B26C4B77600CE90A6 /* Release */,
			);
			defaultConfigurationIsVisible = 0;
			defaultConfigurationName = Release;
		};
		60C8336C26C4B77600CE90A6 /* Build configuration list for PBXNativeTarget "Demo" */ = {
			isa = XCConfigurationList;
			buildConfigurations = (
				60C8336D26C4B77600CE90A6 /* Debug */,
				60C8336E26C4B77600CE90A6 /* Release */,
			);
			defaultConfigurationIsVisible = 0;
			defaultConfigurationName = Release;
		};
		60C8336F26C4B77600CE90A6 /* Build configuration list for PBXNativeTarget "DemoTests" */ = {
			isa = XCConfigurationList;
			buildConfigurations = (
				60C8337026C4B77600CE90A6 /* Debug */,
				60C8337126C4B77600CE90A6 /* Release */,
			);
			defaultConfigurationIsVisible = 0;
			defaultConfigurationName = Release;
		};
		60C8337226C4B77600CE90A6 /* Build configuration list for PBXNativeTarget "DemoUITests" */ = {
			isa = XCConfigurationList;
			buildConfigurations = (
				60C8337326C4B77600CE90A6 /* Debug */,
				60C8337426C4B77600CE90A6 /* Release */,
			);
			defaultConfigurationIsVisible = 0;
			defaultConfigurationName = Release;
		};
/* End XCConfigurationList section */
	};
	rootObject = 60C8333A26C4B77300CE90A6 /* Project object */;
}
